
Microsoft Visual Studio Solution File, Format Version 12.00
# Visual Studio Version 17
VisualStudioVersion = 17.13.35825.156 d17.13
MinimumVisualStudioVersion = 10.0.40219.1
Project("{FAE04EC0-301F-11D3-BF4B-00C04F79EFBC}") = "OrderService", "OrderService\OrderService\OrderService.csproj", "{8D3D365D-C3F2-4B95-83F2-8735CBDB63C4}"
EndProject
Project("{FAE04EC0-301F-11D3-BF4B-00C04F79EFBC}") = "OrderService.Domain", "OrderService\OrderService.Domain\OrderService.Domain.csproj", "{44CAAAFC-8385-41AD-AD15-C608F41F062B}"
EndProject
Project("{FAE04EC0-301F-11D3-BF4B-00C04F79EFBC}") = "OrderService.Infrastructure", "OrderService\OrderService.Infrastructure\OrderService.Infrastructure.csproj", "{80A4152B-9355-4B2F-875A-6DE262481063}"
EndProject
Project("{FAE04EC0-301F-11D3-BF4B-00C04F79EFBC}") = "OrderService.Persistence", "OrderService\OrderService.Persistence\OrderService.Persistence.csproj", "{D78EF403-F6CF-4A8C-90F2-49B13933C16F}"
EndProject
Project("{FAE04EC0-301F-11D3-BF4B-00C04F79EFBC}") = "OrderService.Service", "OrderService\OrderService.Service\OrderService.Service.csproj", "{5E4D9574-EFC8-4ABB-85C7-390C0FF0E2F2}"
EndProject
Project("{FAE04EC0-301F-11D3-BF4B-00C04F79EFBC}") = "OrderService.Test.Integration", "OrderService\OrderService.Test.Integration\OrderService.Test.Integration.csproj", "{C857639A-6C03-4833-A4DC-7E4F4736AD89}"
EndProject
Project("{FAE04EC0-301F-11D3-BF4B-00C04F79EFBC}") = "OrderService.Test.Unit", "OrderService\OrderService.Test.Unit\OrderService.Test.Unit.csproj", "{32DE20DB-A1AC-45CA-B67A-A5EEF12C667E}"
EndProject
Global
	GlobalSection(SolutionConfigurationPlatforms) = preSolution
		Debug|Any CPU = Debug|Any CPU
		Release|Any CPU = Release|Any CPU
	EndGlobalSection
	GlobalSection(ProjectConfigurationPlatforms) = postSolution
		{8D3D365D-C3F2-4B95-83F2-8735CBDB63C4}.Debug|Any CPU.ActiveCfg = Debug|Any CPU
		{8D3D365D-C3F2-4B95-83F2-8735CBDB63C4}.Debug|Any CPU.Build.0 = Debug|Any CPU
		{8D3D365D-C3F2-4B95-83F2-8735CBDB63C4}.Release|Any CPU.ActiveCfg = Release|Any CPU
		{8D3D365D-C3F2-4B95-83F2-8735CBDB63C4}.Release|Any CPU.Build.0 = Release|Any CPU
		{44CAAAFC-8385-41AD-AD15-C608F41F062B}.Debug|Any CPU.ActiveCfg = Debug|Any CPU
		{44CAAAFC-8385-41AD-AD15-C608F41F062B}.Debug|Any CPU.Build.0 = Debug|Any CPU
		{44CAAAFC-8385-41AD-AD15-C608F41F062B}.Release|Any CPU.ActiveCfg = Release|Any CPU
		{44CAAAFC-8385-41AD-AD15-C608F41F062B}.Release|Any CPU.Build.0 = Release|Any CPU
		{80A4152B-9355-4B2F-875A-6DE262481063}.Debug|Any CPU.ActiveCfg = Debug|Any CPU
		{80A4152B-9355-4B2F-875A-6DE262481063}.Debug|Any CPU.Build.0 = Debug|Any CPU
		{80A4152B-9355-4B2F-875A-6DE262481063}.Release|Any CPU.ActiveCfg = Release|Any CPU
		{80A4152B-9355-4B2F-875A-6DE262481063}.Release|Any CPU.Build.0 = Release|Any CPU
		{D78EF403-F6CF-4A8C-90F2-49B13933C16F}.Debug|Any CPU.ActiveCfg = Debug|Any CPU
		{D78EF403-F6CF-4A8C-90F2-49B13933C16F}.Debug|Any CPU.Build.0 = Debug|Any CPU
		{D78EF403-F6CF-4A8C-90F2-49B13933C16F}.Release|Any CPU.ActiveCfg = Release|Any CPU
		{D78EF403-F6CF-4A8C-90F2-49B13933C16F}.Release|Any CPU.Build.0 = Release|Any CPU
		{5E4D9574-EFC8-4ABB-85C7-390C0FF0E2F2}.Debug|Any CPU.ActiveCfg = Debug|Any CPU
		{5E4D9574-EFC8-4ABB-85C7-390C0FF0E2F2}.Debug|Any CPU.Build.0 = Debug|Any CPU
		{5E4D9574-EFC8-4ABB-85C7-390C0FF0E2F2}.Release|Any CPU.ActiveCfg = Release|Any CPU
		{5E4D9574-EFC8-4ABB-85C7-390C0FF0E2F2}.Release|Any CPU.Build.0 = Release|Any CPU
		{C857639A-6C03-4833-A4DC-7E4F4736AD89}.Debug|Any CPU.ActiveCfg = Debug|Any CPU
		{C857639A-6C03-4833-A4DC-7E4F4736AD89}.Debug|Any CPU.Build.0 = Debug|Any CPU
		{C857639A-6C03-4833-A4DC-7E4F4736AD89}.Release|Any CPU.ActiveCfg = Release|Any CPU
		{C857639A-6C03-4833-A4DC-7E4F4736AD89}.Release|Any CPU.Build.0 = Release|Any CPU
		{32DE20DB-A1AC-45CA-B67A-A5EEF12C667E}.Debug|Any CPU.ActiveCfg = Debug|Any CPU
		{32DE20DB-A1AC-45CA-B67A-A5EEF12C667E}.Debug|Any CPU.Build.0 = Debug|Any CPU
		{32DE20DB-A1AC-45CA-B67A-A5EEF12C667E}.Release|Any CPU.ActiveCfg = Release|Any CPU
		{32DE20DB-A1AC-45CA-B67A-A5EEF12C667E}.Release|Any CPU.Build.0 = Release|Any CPU
	EndGlobalSection
	GlobalSection(SolutionProperties) = preSolution
		HideSolutionNode = FALSE
	EndGlobalSection
	GlobalSection(ExtensibilityGlobals) = postSolution
		SolutionGuid = {1AFD22EE-DDE8-4BA1-A1F4-1D47D2826852}
	EndGlobalSection
EndGlobal
